
Microsoft Visual Studio Solution File, Format Version 12.00
# Visual Studio 2013
Project("{FAE04EC0-301F-11D3-BF4B-00C04F79EFBC}") = "UnityVS.NinjaProgrammerGame.CSharp.Plugins", "UnityVS.NinjaProgrammerGame.CSharp.Plugins.csproj", "{9020EEEB-333D-415B-E7DE-1B62A9031894}"
EndProject
Project("{FAE04EC0-301F-11D3-BF4B-00C04F79EFBC}") = "UnityVS.NinjaProgrammerGame.CSharp.Editor", "UnityVS.NinjaProgrammerGame.CSharp.Editor.csproj", "{54FF56E4-E8BF-218F-23B9-83EE3D47AC48}"
EndProject
Global
	GlobalSection(SolutionConfigurationPlatforms) = preSolution
		Debug|Any CPU = Debug|Any CPU
		Release|Any CPU = Release|Any CPU
	EndGlobalSection
	GlobalSection(ProjectConfigurationPlatforms) = postSolution
		{9020EEEB-333D-415B-E7DE-1B62A9031894}.Debug|Any CPU.ActiveCfg = Debug|Any CPU
		{9020EEEB-333D-415B-E7DE-1B62A9031894}.Debug|Any CPU.Build.0 = Debug|Any CPU
		{9020EEEB-333D-415B-E7DE-1B62A9031894}.Release|Any CPU.ActiveCfg = Release|Any CPU
		{9020EEEB-333D-415B-E7DE-1B62A9031894}.Release|Any CPU.Build.0 = Release|Any CPU
		{54FF56E4-E8BF-218F-23B9-83EE3D47AC48}.Debug|Any CPU.ActiveCfg = Debug|Any CPU
		{54FF56E4-E8BF-218F-23B9-83EE3D47AC48}.Debug|Any CPU.Build.0 = Debug|Any CPU
		{54FF56E4-E8BF-218F-23B9-83EE3D47AC48}.Release|Any CPU.ActiveCfg = Release|Any CPU
		{54FF56E4-E8BF-218F-23B9-83EE3D47AC48}.Release|Any CPU.Build.0 = Release|Any CPU
	EndGlobalSection
	GlobalSection(SolutionProperties) = preSolution
		HideSolutionNode = FALSE
	EndGlobalSection
EndGlobal
